
Microsoft Visual Studio Solution File, Format Version 12.00
# Visual Studio 15
VisualStudioVersion = 15.0.28307.757
MinimumVisualStudioVersion = 10.0.40219.1
Project("{FAE04EC0-301F-11D3-BF4B-00C04F79EFBC}") = "AlgorithmCenter", "AlgorithmCenter\AlgorithmCenter.csproj", "{3C4A29B4-D9B3-42DB-BA88-FDF76A5268D0}"
EndProject
Project("{FAE04EC0-301F-11D3-BF4B-00C04F79EFBC}") = "RunCenter", "RunCenter\RunCenter.csproj", "{B683D306-8FDD-471D-B11A-CF68322E5980}"
EndProject
Project("{FAE04EC0-301F-11D3-BF4B-00C04F79EFBC}") = "DataStructCenter", "DataStructCenter\DataStructCenter.csproj", "{446E7742-D240-453E-8D11-BE683E5B3B95}"
EndProject
Global
	GlobalSection(SolutionConfigurationPlatforms) = preSolution
		Debug|Any CPU = Debug|Any CPU
		Release|Any CPU = Release|Any CPU
	EndGlobalSection
	GlobalSection(ProjectConfigurationPlatforms) = postSolution
		{3C4A29B4-D9B3-42DB-BA88-FDF76A5268D0}.Debug|Any CPU.ActiveCfg = Debug|Any CPU
		{3C4A29B4-D9B3-42DB-BA88-FDF76A5268D0}.Debug|Any CPU.Build.0 = Debug|Any CPU
		{3C4A29B4-D9B3-42DB-BA88-FDF76A5268D0}.Release|Any CPU.ActiveCfg = Release|Any CPU
		{3C4A29B4-D9B3-42DB-BA88-FDF76A5268D0}.Release|Any CPU.Build.0 = Release|Any CPU
		{B683D306-8FDD-471D-B11A-CF68322E5980}.Debug|Any CPU.ActiveCfg = Debug|Any CPU
		{B683D306-8FDD-471D-B11A-CF68322E5980}.Debug|Any CPU.Build.0 = Debug|Any CPU
		{B683D306-8FDD-471D-B11A-CF68322E5980}.Release|Any CPU.ActiveCfg = Release|Any CPU
		{B683D306-8FDD-471D-B11A-CF68322E5980}.Release|Any CPU.Build.0 = Release|Any CPU
		{446E7742-D240-453E-8D11-BE683E5B3B95}.Debug|Any CPU.ActiveCfg = Debug|Any CPU
		{446E7742-D240-453E-8D11-BE683E5B3B95}.Debug|Any CPU.Build.0 = Debug|Any CPU
		{446E7742-D240-453E-8D11-BE683E5B3B95}.Release|Any CPU.ActiveCfg = Release|Any CPU
		{446E7742-D240-453E-8D11-BE683E5B3B95}.Release|Any CPU.Build.0 = Release|Any CPU
	EndGlobalSection
	GlobalSection(SolutionProperties) = preSolution
		HideSolutionNode = FALSE
	EndGlobalSection
	GlobalSection(ExtensibilityGlobals) = postSolution
		SolutionGuid = {0223A905-768E-463B-8EE1-C676381A6DA2}
	EndGlobalSection
EndGlobal
